
Microsoft Visual Studio Solution File, Format Version 11.00
# Visual Studio 2010
Project("{FAE04EC0-301F-11D3-BF4B-00C04F79EFBC}") = "AbPasswdPlugin", "AbPasswdPlugin\AbPasswdPlugin.csproj", "{B3CA7BC1-0B17-4284-9EE9-2E36BE453112}"
EndProject
Project("{FAE04EC0-301F-11D3-BF4B-00C04F79EFBC}") = "TestPBKDF2", "test\Test\TestPBKDF2.csproj", "{FF5BD5E0-6269-49A2-A67B-D741973357CF}"
EndProject
Project("{FAE04EC0-301F-11D3-BF4B-00C04F79EFBC}") = "AbTextProcess", "AbTextProcess\AbTextProcess.csproj", "{55C1BDE2-DD6B-4555-8D78-4B1361284B4F}"
EndProject
Project("{FAE04EC0-301F-11D3-BF4B-00C04F79EFBC}") = "UBB2HTML", "UBB2HTML\UBB2HTML.csproj", "{4F2137D9-8654-4133-A13C-7FF1289B804C}"
EndProject
Project("{FAE04EC0-301F-11D3-BF4B-00C04F79EFBC}") = "PBKDF2Cypto", "PBKDF2Cypto\PBKDF2Cypto.csproj", "{A4E176E6-970F-47FF-9E18-F75409B74E29}"
EndProject
Project("{FAE04EC0-301F-11D3-BF4B-00C04F79EFBC}") = "UBB2HTMLTest", "test\UBB2HTMLTest\UBB2HTMLTest.csproj", "{A6247B57-BC32-43D3-B13E-C0B5C9CF32CF}"
EndProject
Project("{FAE04EC0-301F-11D3-BF4B-00C04F79EFBC}") = "Mohachi", "Mohachi\Mohachi.csproj", "{7CFC9F54-F48B-432B-B52C-4BC922534925}"
EndProject
Project("{FAE04EC0-301F-11D3-BF4B-00C04F79EFBC}") = "MohachiControllersTest", "test\MohachiControllersTest\MohachiControllersTest.csproj", "{C1EADBE2-2897-474C-B97B-99BD4EE3790F}"
EndProject
Global
	GlobalSection(SolutionConfigurationPlatforms) = preSolution
		Debug|Any CPU = Debug|Any CPU
		Release|Any CPU = Release|Any CPU
	EndGlobalSection
	GlobalSection(ProjectConfigurationPlatforms) = postSolution
		{4F2137D9-8654-4133-A13C-7FF1289B804C}.Debug|Any CPU.ActiveCfg = Debug|Any CPU
		{4F2137D9-8654-4133-A13C-7FF1289B804C}.Debug|Any CPU.Build.0 = Debug|Any CPU
		{4F2137D9-8654-4133-A13C-7FF1289B804C}.Release|Any CPU.ActiveCfg = Release|Any CPU
		{4F2137D9-8654-4133-A13C-7FF1289B804C}.Release|Any CPU.Build.0 = Release|Any CPU
		{55C1BDE2-DD6B-4555-8D78-4B1361284B4F}.Debug|Any CPU.ActiveCfg = Debug|Any CPU
		{55C1BDE2-DD6B-4555-8D78-4B1361284B4F}.Debug|Any CPU.Build.0 = Debug|Any CPU
		{55C1BDE2-DD6B-4555-8D78-4B1361284B4F}.Release|Any CPU.ActiveCfg = Release|Any CPU
		{55C1BDE2-DD6B-4555-8D78-4B1361284B4F}.Release|Any CPU.Build.0 = Release|Any CPU
		{7CFC9F54-F48B-432B-B52C-4BC922534925}.Debug|Any CPU.ActiveCfg = Debug|Any CPU
		{7CFC9F54-F48B-432B-B52C-4BC922534925}.Debug|Any CPU.Build.0 = Debug|Any CPU
		{7CFC9F54-F48B-432B-B52C-4BC922534925}.Release|Any CPU.ActiveCfg = Release|Any CPU
		{7CFC9F54-F48B-432B-B52C-4BC922534925}.Release|Any CPU.Build.0 = Release|Any CPU
		{A4E176E6-970F-47FF-9E18-F75409B74E29}.Debug|Any CPU.ActiveCfg = Debug|Any CPU
		{A4E176E6-970F-47FF-9E18-F75409B74E29}.Debug|Any CPU.Build.0 = Debug|Any CPU
		{A4E176E6-970F-47FF-9E18-F75409B74E29}.Release|Any CPU.ActiveCfg = Release|Any CPU
		{A4E176E6-970F-47FF-9E18-F75409B74E29}.Release|Any CPU.Build.0 = Release|Any CPU
		{A6247B57-BC32-43D3-B13E-C0B5C9CF32CF}.Debug|Any CPU.ActiveCfg = Debug|Any CPU
		{A6247B57-BC32-43D3-B13E-C0B5C9CF32CF}.Debug|Any CPU.Build.0 = Debug|Any CPU
		{A6247B57-BC32-43D3-B13E-C0B5C9CF32CF}.Release|Any CPU.ActiveCfg = Release|Any CPU
		{A6247B57-BC32-43D3-B13E-C0B5C9CF32CF}.Release|Any CPU.Build.0 = Release|Any CPU
		{B3CA7BC1-0B17-4284-9EE9-2E36BE453112}.Debug|Any CPU.ActiveCfg = Debug|Any CPU
		{B3CA7BC1-0B17-4284-9EE9-2E36BE453112}.Debug|Any CPU.Build.0 = Debug|Any CPU
		{B3CA7BC1-0B17-4284-9EE9-2E36BE453112}.Release|Any CPU.ActiveCfg = Release|Any CPU
		{B3CA7BC1-0B17-4284-9EE9-2E36BE453112}.Release|Any CPU.Build.0 = Release|Any CPU
		{C1EADBE2-2897-474C-B97B-99BD4EE3790F}.Debug|Any CPU.ActiveCfg = Debug|Any CPU
		{C1EADBE2-2897-474C-B97B-99BD4EE3790F}.Debug|Any CPU.Build.0 = Debug|Any CPU
		{C1EADBE2-2897-474C-B97B-99BD4EE3790F}.Release|Any CPU.ActiveCfg = Release|Any CPU
		{C1EADBE2-2897-474C-B97B-99BD4EE3790F}.Release|Any CPU.Build.0 = Release|Any CPU
		{FF5BD5E0-6269-49A2-A67B-D741973357CF}.Debug|Any CPU.ActiveCfg = Debug|Any CPU
		{FF5BD5E0-6269-49A2-A67B-D741973357CF}.Debug|Any CPU.Build.0 = Debug|Any CPU
		{FF5BD5E0-6269-49A2-A67B-D741973357CF}.Release|Any CPU.ActiveCfg = Release|Any CPU
		{FF5BD5E0-6269-49A2-A67B-D741973357CF}.Release|Any CPU.Build.0 = Release|Any CPU
	EndGlobalSection
	GlobalSection(MonoDevelopProperties) = preSolution
		StartupItem = Mohachi\Mohachi.csproj
	EndGlobalSection
EndGlobal
